
Microsoft Visual Studio Solution File, Format Version 12.00
# Visual Studio Version 17
VisualStudioVersion = 17.2.32630.192
MinimumVisualStudioVersion = 10.0.40219.1
Project("{FAE04EC0-301F-11D3-BF4B-00C04F79EFBC}") = "E-comerceAPI", "E-comerceAPI\E-comerceAPI.csproj", "{77A99F1B-8481-46D4-8170-CFABA5A46FE2}"
EndProject
Project("{FAE04EC0-301F-11D3-BF4B-00C04F79EFBC}") = "E-comerceTeste", "E-comerceTeste\E-comerceTeste.csproj", "{B7492581-DDE6-4B47-B53E-8FEC3DE1CE17}"
EndProject
Global
	GlobalSection(SolutionConfigurationPlatforms) = preSolution
		Debug|Any CPU = Debug|Any CPU
		Release|Any CPU = Release|Any CPU
	EndGlobalSection
	GlobalSection(ProjectConfigurationPlatforms) = postSolution
		{77A99F1B-8481-46D4-8170-CFABA5A46FE2}.Debug|Any CPU.ActiveCfg = Debug|Any CPU
		{77A99F1B-8481-46D4-8170-CFABA5A46FE2}.Debug|Any CPU.Build.0 = Debug|Any CPU
		{77A99F1B-8481-46D4-8170-CFABA5A46FE2}.Release|Any CPU.ActiveCfg = Release|Any CPU
		{77A99F1B-8481-46D4-8170-CFABA5A46FE2}.Release|Any CPU.Build.0 = Release|Any CPU
		{B7492581-DDE6-4B47-B53E-8FEC3DE1CE17}.Debug|Any CPU.ActiveCfg = Debug|Any CPU
		{B7492581-DDE6-4B47-B53E-8FEC3DE1CE17}.Debug|Any CPU.Build.0 = Debug|Any CPU
		{B7492581-DDE6-4B47-B53E-8FEC3DE1CE17}.Release|Any CPU.ActiveCfg = Release|Any CPU
		{B7492581-DDE6-4B47-B53E-8FEC3DE1CE17}.Release|Any CPU.Build.0 = Release|Any CPU
	EndGlobalSection
	GlobalSection(SolutionProperties) = preSolution
		HideSolutionNode = FALSE
	EndGlobalSection
	GlobalSection(ExtensibilityGlobals) = postSolution
		SolutionGuid = {47893873-D30B-4FF2-B374-62FC48ED8C94}
	EndGlobalSection
EndGlobal
